
Microsoft Visual Studio Solution File, Format Version 12.00
# Visual Studio Version 16
VisualStudioVersion = 16.0.30709.132
MinimumVisualStudioVersion = 10.0.40219.1
Project("{FAE04EC0-301F-11D3-BF4B-00C04F79EFBC}") = "ExamenAPI", "ExamenAPI\ExamenAPI.csproj", "{B46856E9-C361-4F4D-BA1D-42C5E8F22ADD}"
EndProject
Project("{FAE04EC0-301F-11D3-BF4B-00C04F79EFBC}") = "Repository", "Repository\Repository.csproj", "{6A7E4036-9A39-4315-AD4F-15B8BDB1772D}"
EndProject
Global
	GlobalSection(SolutionConfigurationPlatforms) = preSolution
		Debug|Any CPU = Debug|Any CPU
		Release|Any CPU = Release|Any CPU
	EndGlobalSection
	GlobalSection(ProjectConfigurationPlatforms) = postSolution
		{B46856E9-C361-4F4D-BA1D-42C5E8F22ADD}.Debug|Any CPU.ActiveCfg = Debug|Any CPU
		{B46856E9-C361-4F4D-BA1D-42C5E8F22ADD}.Debug|Any CPU.Build.0 = Debug|Any CPU
		{B46856E9-C361-4F4D-BA1D-42C5E8F22ADD}.Release|Any CPU.ActiveCfg = Release|Any CPU
		{B46856E9-C361-4F4D-BA1D-42C5E8F22ADD}.Release|Any CPU.Build.0 = Release|Any CPU
		{6A7E4036-9A39-4315-AD4F-15B8BDB1772D}.Debug|Any CPU.ActiveCfg = Debug|Any CPU
		{6A7E4036-9A39-4315-AD4F-15B8BDB1772D}.Debug|Any CPU.Build.0 = Debug|Any CPU
		{6A7E4036-9A39-4315-AD4F-15B8BDB1772D}.Release|Any CPU.ActiveCfg = Release|Any CPU
		{6A7E4036-9A39-4315-AD4F-15B8BDB1772D}.Release|Any CPU.Build.0 = Release|Any CPU
	EndGlobalSection
	GlobalSection(SolutionProperties) = preSolution
		HideSolutionNode = FALSE
	EndGlobalSection
	GlobalSection(ExtensibilityGlobals) = postSolution
		SolutionGuid = {ACC7C36F-C736-47D8-85EE-C02D7AD03C8C}
	EndGlobalSection
EndGlobal
